
Microsoft Visual Studio Solution File, Format Version 12.00
# Visual Studio Version 17
VisualStudioVersion = 17.3.32825.248
MinimumVisualStudioVersion = 10.0.40219.1
Project("{FAE04EC0-301F-11D3-BF4B-00C04F79EFBC}") = "TMApi", "TMApi\TMApi.csproj", "{BD26C7C8-3CAE-44F9-8B48-5976823AB2DC}"
EndProject
Global
	GlobalSection(SolutionConfigurationPlatforms) = preSolution
		Debug|Any CPU = Debug|Any CPU
		Release|Any CPU = Release|Any CPU
	EndGlobalSection
	GlobalSection(ProjectConfigurationPlatforms) = postSolution
		{BD26C7C8-3CAE-44F9-8B48-5976823AB2DC}.Debug|Any CPU.ActiveCfg = Debug|Any CPU
		{BD26C7C8-3CAE-44F9-8B48-5976823AB2DC}.Debug|Any CPU.Build.0 = Debug|Any CPU
		{BD26C7C8-3CAE-44F9-8B48-5976823AB2DC}.Release|Any CPU.ActiveCfg = Release|Any CPU
		{BD26C7C8-3CAE-44F9-8B48-5976823AB2DC}.Release|Any CPU.Build.0 = Release|Any CPU
	EndGlobalSection
	GlobalSection(SolutionProperties) = preSolution
		HideSolutionNode = FALSE
	EndGlobalSection
	GlobalSection(ExtensibilityGlobals) = postSolution
		SolutionGuid = {99CD670F-5B5B-41FA-8525-26606DB55D07}
	EndGlobalSection
EndGlobal
